
Microsoft Visual Studio Solution File, Format Version 12.00
# Visual Studio Version 17
VisualStudioVersion = 17.14.36414.22
MinimumVisualStudioVersion = 10.0.40219.1
Project("{2150E333-8FDC-42A3-9474-1A3956D46DE8}") = "server", "server", "{02EA681E-C7D8-13C7-8484-4AC65E1B71E8}"
EndProject
Project("{2150E333-8FDC-42A3-9474-1A3956D46DE8}") = "core", "core", "{2CFBE476-FA88-4D97-869C-C99CC0496705}"
EndProject
Project("{2150E333-8FDC-42A3-9474-1A3956D46DE8}") = "infraestrutura", "infraestrutura", "{B048DE96-E23A-4D3C-B946-AF2E3157D0F8}"
EndProject
Project("{FAE04EC0-301F-11D3-BF4B-00C04F79EFBC}") = "ControleDeEstacionamento.Aplicacao", "server\aplicacao\ControleDeEstacionamento.Aplicacao.csproj", "{15D339CB-56C6-0ED1-DF7A-3E999B6B2F61}"
EndProject
Project("{FAE04EC0-301F-11D3-BF4B-00C04F79EFBC}") = "ControleDeEstacionamento.Dominio", "server\dominio\ControleDeEstacionamento.Dominio.csproj", "{C4346C12-2081-E051-D371-3EAE223470B0}"
EndProject
Project("{FAE04EC0-301F-11D3-BF4B-00C04F79EFBC}") = "ControleDeEstacionamento.Infraestrutura.Orm", "server\infraestrutura\orm\ControleDeEstacionamento.Infraestrutura.Orm.csproj", "{FBFDC8B4-6217-3D6F-46EF-F69570B7D5D1}"
EndProject
Project("{FAE04EC0-301F-11D3-BF4B-00C04F79EFBC}") = "ControleDeEstacionamento.WebApi", "server\web-api\ControleDeEstacionamento.WebApi.csproj", "{73149BD9-7628-4DDE-319A-7572DCD7F070}"
EndProject
Project("{2150E333-8FDC-42A3-9474-1A3956D46DE8}") = "Testes", "Testes", "{9A5ABC94-5600-48F9-B520-563AE3BB3B00}"
EndProject
Project("{FAE04EC0-301F-11D3-BF4B-00C04F79EFBC}") = "ControleDeEstacionamento.Testes.Unidade", "ControleDeEstacionamento.Testes.Unidade\ControleDeEstacionamento.Testes.Unidade.csproj", "{2330D537-A3DD-4D5A-A370-A028DA47DF17}"
EndProject
Global
	GlobalSection(SolutionConfigurationPlatforms) = preSolution
		Debug|Any CPU = Debug|Any CPU
		Release|Any CPU = Release|Any CPU
	EndGlobalSection
	GlobalSection(ProjectConfigurationPlatforms) = postSolution
		{15D339CB-56C6-0ED1-DF7A-3E999B6B2F61}.Debug|Any CPU.ActiveCfg = Debug|Any CPU
		{15D339CB-56C6-0ED1-DF7A-3E999B6B2F61}.Debug|Any CPU.Build.0 = Debug|Any CPU
		{15D339CB-56C6-0ED1-DF7A-3E999B6B2F61}.Release|Any CPU.ActiveCfg = Release|Any CPU
		{15D339CB-56C6-0ED1-DF7A-3E999B6B2F61}.Release|Any CPU.Build.0 = Release|Any CPU
		{C4346C12-2081-E051-D371-3EAE223470B0}.Debug|Any CPU.ActiveCfg = Debug|Any CPU
		{C4346C12-2081-E051-D371-3EAE223470B0}.Debug|Any CPU.Build.0 = Debug|Any CPU
		{C4346C12-2081-E051-D371-3EAE223470B0}.Release|Any CPU.ActiveCfg = Release|Any CPU
		{C4346C12-2081-E051-D371-3EAE223470B0}.Release|Any CPU.Build.0 = Release|Any CPU
		{FBFDC8B4-6217-3D6F-46EF-F69570B7D5D1}.Debug|Any CPU.ActiveCfg = Debug|Any CPU
		{FBFDC8B4-6217-3D6F-46EF-F69570B7D5D1}.Debug|Any CPU.Build.0 = Debug|Any CPU
		{FBFDC8B4-6217-3D6F-46EF-F69570B7D5D1}.Release|Any CPU.ActiveCfg = Release|Any CPU
		{FBFDC8B4-6217-3D6F-46EF-F69570B7D5D1}.Release|Any CPU.Build.0 = Release|Any CPU
		{73149BD9-7628-4DDE-319A-7572DCD7F070}.Debug|Any CPU.ActiveCfg = Debug|Any CPU
		{73149BD9-7628-4DDE-319A-7572DCD7F070}.Debug|Any CPU.Build.0 = Debug|Any CPU
		{73149BD9-7628-4DDE-319A-7572DCD7F070}.Release|Any CPU.ActiveCfg = Release|Any CPU
		{73149BD9-7628-4DDE-319A-7572DCD7F070}.Release|Any CPU.Build.0 = Release|Any CPU
		{2330D537-A3DD-4D5A-A370-A028DA47DF17}.Debug|Any CPU.ActiveCfg = Debug|Any CPU
		{2330D537-A3DD-4D5A-A370-A028DA47DF17}.Debug|Any CPU.Build.0 = Debug|Any CPU
		{2330D537-A3DD-4D5A-A370-A028DA47DF17}.Release|Any CPU.ActiveCfg = Release|Any CPU
		{2330D537-A3DD-4D5A-A370-A028DA47DF17}.Release|Any CPU.Build.0 = Release|Any CPU
	EndGlobalSection
	GlobalSection(SolutionProperties) = preSolution
		HideSolutionNode = FALSE
	EndGlobalSection
	GlobalSection(NestedProjects) = preSolution
		{2CFBE476-FA88-4D97-869C-C99CC0496705} = {02EA681E-C7D8-13C7-8484-4AC65E1B71E8}
		{B048DE96-E23A-4D3C-B946-AF2E3157D0F8} = {02EA681E-C7D8-13C7-8484-4AC65E1B71E8}
		{15D339CB-56C6-0ED1-DF7A-3E999B6B2F61} = {2CFBE476-FA88-4D97-869C-C99CC0496705}
		{C4346C12-2081-E051-D371-3EAE223470B0} = {2CFBE476-FA88-4D97-869C-C99CC0496705}
		{FBFDC8B4-6217-3D6F-46EF-F69570B7D5D1} = {B048DE96-E23A-4D3C-B946-AF2E3157D0F8}
		{73149BD9-7628-4DDE-319A-7572DCD7F070} = {02EA681E-C7D8-13C7-8484-4AC65E1B71E8}
		{9A5ABC94-5600-48F9-B520-563AE3BB3B00} = {02EA681E-C7D8-13C7-8484-4AC65E1B71E8}
		{2330D537-A3DD-4D5A-A370-A028DA47DF17} = {9A5ABC94-5600-48F9-B520-563AE3BB3B00}
	EndGlobalSection
	GlobalSection(ExtensibilityGlobals) = postSolution
		SolutionGuid = {C85DAEF6-DE80-4115-BA8F-1B21636E6B2B}
	EndGlobalSection
EndGlobal
